
Microsoft Visual Studio Solution File, Format Version 12.00
# Visual Studio Version 16
VisualStudioVersion = 16.0.31129.286
MinimumVisualStudioVersion = 10.0.40219.1
Project("{FAE04EC0-301F-11D3-BF4B-00C04F79EFBC}") = "LearningGit", "LearningGit\LearningGit.csproj", "{AC50C286-095D-45DD-A9C2-F160E8543773}"
EndProject
Global
	GlobalSection(SolutionConfigurationPlatforms) = preSolution
		Debug|Any CPU = Debug|Any CPU
		Release|Any CPU = Release|Any CPU
	EndGlobalSection
	GlobalSection(ProjectConfigurationPlatforms) = postSolution
		{AC50C286-095D-45DD-A9C2-F160E8543773}.Debug|Any CPU.ActiveCfg = Debug|Any CPU
		{AC50C286-095D-45DD-A9C2-F160E8543773}.Debug|Any CPU.Build.0 = Debug|Any CPU
		{AC50C286-095D-45DD-A9C2-F160E8543773}.Release|Any CPU.ActiveCfg = Release|Any CPU
		{AC50C286-095D-45DD-A9C2-F160E8543773}.Release|Any CPU.Build.0 = Release|Any CPU
	EndGlobalSection
	GlobalSection(SolutionProperties) = preSolution
		HideSolutionNode = FALSE
	EndGlobalSection
	GlobalSection(ExtensibilityGlobals) = postSolution
		SolutionGuid = {5ABE371A-BD35-4F70-B9C5-77AE3001D477}
	EndGlobalSection
EndGlobal
